
Microsoft Visual Studio Solution File, Format Version 12.00
# Visual Studio Version 17
VisualStudioVersion = 17.4.33403.182
MinimumVisualStudioVersion = 10.0.40219.1
Project("{FAE04EC0-301F-11D3-BF4B-00C04F79EFBC}") = "Sterling Lab", "Sterling Lab.csproj", "{0E80D1A1-F3C9-42F2-805E-0642D130C476}"
EndProject
Global
	GlobalSection(SolutionConfigurationPlatforms) = preSolution
		Debug|Any CPU = Debug|Any CPU
		Release|Any CPU = Release|Any CPU
	EndGlobalSection
	GlobalSection(ProjectConfigurationPlatforms) = postSolution
		{0E80D1A1-F3C9-42F2-805E-0642D130C476}.Debug|Any CPU.ActiveCfg = Debug|Any CPU
		{0E80D1A1-F3C9-42F2-805E-0642D130C476}.Debug|Any CPU.Build.0 = Debug|Any CPU
		{0E80D1A1-F3C9-42F2-805E-0642D130C476}.Release|Any CPU.ActiveCfg = Release|Any CPU
		{0E80D1A1-F3C9-42F2-805E-0642D130C476}.Release|Any CPU.Build.0 = Release|Any CPU
	EndGlobalSection
	GlobalSection(SolutionProperties) = preSolution
		HideSolutionNode = FALSE
	EndGlobalSection
	GlobalSection(ExtensibilityGlobals) = postSolution
		SolutionGuid = {D9E4797D-C50B-40FA-B6DD-F4440BE18865}
	EndGlobalSection
EndGlobal
